{
  "name": "jsldb",
  "version": "0.0.6",
  "lockfileVersion": 1,
  "requires": true,
  "dependencies": {
    "faker": {
      "version": "4.1.0",
      "resolved": "https://registry.npmjs.org/faker/-/faker-4.1.0.tgz",
      "integrity": "sha1-HkW7vsxndLPBlfrSg1EJxtdIzD8=",
      "dev": true
    },
    "jsdoc-template": {
      "version": "github:braintree/jsdoc-template#43a9840d2e00ef63899304042b9e751d5db9dbdb",
      "from": "github:braintree/jsdoc-template#master"
    }
  }
}
